// !$*UTF8*$!
{
	archiveVersion = 1;
	classes = {
	};
	objectVersion = 46;
	objects = {

/* Begin PBXBuildFile section */
		13B07FBC1A68108700A75B9A /* AppDelegate.m in Sources */ = {isa = PBXBuildFile; fileRef = 13B07FB01A68108700A75B9A /* AppDelegate.m */; };
		13B07FBD1A68108700A75B9A /* LaunchScreen.xib in Resources */ = {isa = PBXBuildFile; fileRef = 13B07FB11A68108700A75B9A /* LaunchScreen.xib */; };
		13B07FBF1A68108700A75B9A /* Images.xcassets in Resources */ = {isa = PBXBuildFile; fileRef = 13B07FB51A68108700A75B9A /* Images.xcassets */; };
		13B07FC11A68108700A75B9A /* main.m in Sources */ = {isa = PBXBuildFile; fileRef = 13B07FB71A68108700A75B9A /* main.m */; };
		7B0C5784998A29E517983E0C /* libPods-mygodfathers.a in Frameworks */ = {isa = PBXBuildFile; fileRef = 2502ACF51380E8237829647D /* libPods-mygodfathers.a */; };
		05285D512C19441CA9D0E841 /* OpenSans-Bold.ttf in Resources */ = {isa = PBXBuildFile; fileRef = 9FD6D62874F3496FA42AAABE /* OpenSans-Bold.ttf */; };
		4F265927A0AF4C909121F4FD /* OpenSans-BoldItalic.ttf in Resources */ = {isa = PBXBuildFile; fileRef = 9A8300464B95460999600BEA /* OpenSans-BoldItalic.ttf */; };
		C4B75442F9234C25A1BC6CA5 /* OpenSans-ExtraBold.ttf in Resources */ = {isa = PBXBuildFile; fileRef = 4782D836830C49D397F41626 /* OpenSans-ExtraBold.ttf */; };
		D6976A9237E241F488795F8D /* OpenSans-ExtraBoldItalic.ttf in Resources */ = {isa = PBXBuildFile; fileRef = 9BAEAE2D6DC8492485B6CA60 /* OpenSans-ExtraBoldItalic.ttf */; };
		A30C78F0DE1243B3BCC8F397 /* OpenSans-Italic.ttf in Resources */ = {isa = PBXBuildFile; fileRef = B97ADD87BA964D23B7F098EB /* OpenSans-Italic.ttf */; };
		426A812822E24A0C8988E26D /* OpenSans-Light.ttf in Resources */ = {isa = PBXBuildFile; fileRef = 3B62837E479A470EB285EE60 /* OpenSans-Light.ttf */; };
		631ABA8756954719BF8D0F66 /* OpenSans-LightItalic.ttf in Resources */ = {isa = PBXBuildFile; fileRef = 7371C5E3A7AE4253B2A091B3 /* OpenSans-LightItalic.ttf */; };
		3EEE81FF9AA44566A9C94531 /* OpenSans-Regular.ttf in Resources */ = {isa = PBXBuildFile; fileRef = 744445CEBC924BC3A0A7FAF6 /* OpenSans-Regular.ttf */; };
		41D3664453764246B71A4566 /* OpenSans-SemiBold.ttf in Resources */ = {isa = PBXBuildFile; fileRef = 7F23EFFC9860488D827132C6 /* OpenSans-SemiBold.ttf */; };
		E9EC10A73116493E81225C8E /* OpenSans-SemiBoldItalic.ttf in Resources */ = {isa = PBXBuildFile; fileRef = 307834B24B2F4DC0A007FEF2 /* OpenSans-SemiBoldItalic.ttf */; };
		FA3336B937604A06955A9B98 /* AntDesign.ttf in Resources */ = {isa = PBXBuildFile; fileRef = 6F341731240F44F6A78826E1 /* AntDesign.ttf */; };
		AD9310A92F714A109F949691 /* Entypo.ttf in Resources */ = {isa = PBXBuildFile; fileRef = F538A5FA67224908B9FDFFC4 /* Entypo.ttf */; };
		0C51EBF184B54AEEA36646D6 /* EvilIcons.ttf in Resources */ = {isa = PBXBuildFile; fileRef = 8DF450663A604C538544D894 /* EvilIcons.ttf */; };
		0FE97AEF78E648C8800AB1F6 /* Feather.ttf in Resources */ = {isa = PBXBuildFile; fileRef = 8C7E9C951F3C4A338C767AEA /* Feather.ttf */; };
		577A7D736501419FB7D5FA24 /* FontAwesome.ttf in Resources */ = {isa = PBXBuildFile; fileRef = 8E8BB20E23554E99B9A20CD8 /* FontAwesome.ttf */; };
		E99DBA9BB75543D58DCE7DE7 /* FontAwesome5_Brands.ttf in Resources */ = {isa = PBXBuildFile; fileRef = 0EF06B363701419482A0E192 /* FontAwesome5_Brands.ttf */; };
		EF5EA9099B7F4F4EA37796E0 /* FontAwesome5_Regular.ttf in Resources */ = {isa = PBXBuildFile; fileRef = 138315746A1C4D6AB35F494B /* FontAwesome5_Regular.ttf */; };
		A7383238627948ACB07E7088 /* FontAwesome5_Solid.ttf in Resources */ = {isa = PBXBuildFile; fileRef = ECF334E8F65D431B8A7FD89E /* FontAwesome5_Solid.ttf */; };
		11C3708501B14FE9AA0DDBF7 /* Fontisto.ttf in Resources */ = {isa = PBXBuildFile; fileRef = 566A33D31C124926971E8CC6 /* Fontisto.ttf */; };
		7024FE7492D04B4CBA5B4EB9 /* Foundation.ttf in Resources */ = {isa = PBXBuildFile; fileRef = C9F77E3B9FCB41DCBEE625C0 /* Foundation.ttf */; };
		3A5F88FB23D24C1095819C05 /* Ionicons.ttf in Resources */ = {isa = PBXBuildFile; fileRef = 9165282E4AD24A5E8031FBF8 /* Ionicons.ttf */; };
		C24D5341942342BFB4959138 /* MaterialCommunityIcons.ttf in Resources */ = {isa = PBXBuildFile; fileRef = 4A06FC813FE94B97BFE5C2FF /* MaterialCommunityIcons.ttf */; };
		CB02BF9C4A4C4B2CB391B472 /* MaterialIcons.ttf in Resources */ = {isa = PBXBuildFile; fileRef = 16E96E6673234CAA82A016AB /* MaterialIcons.ttf */; };
		7D5FEE0CEA474CD5AA079302 /* Octicons.ttf in Resources */ = {isa = PBXBuildFile; fileRef = 828A719EC0B64514AD711746 /* Octicons.ttf */; };
		545BBA62D2B74540848E1142 /* SimpleLineIcons.ttf in Resources */ = {isa = PBXBuildFile; fileRef = CFBF1032402546C28FC14C67 /* SimpleLineIcons.ttf */; };
		6270C5FEE8764679ACD58F46 /* Zocial.ttf in Resources */ = {isa = PBXBuildFile; fileRef = 852E81C831D243E9993C8C37 /* Zocial.ttf */; };
		36392E380BC14ABB9A59F12C /* Open Sans Bold Italic.ttf in Resources */ = {isa = PBXBuildFile; fileRef = 037A54DDBC274A6CABD6FBB1 /* Open Sans Bold Italic.ttf */; };
		9C33041CBC3140F48AFD0AE1 /* Open Sans Bold.ttf in Resources */ = {isa = PBXBuildFile; fileRef = 59F707661FED4924A9126C36 /* Open Sans Bold.ttf */; };
		F01F738590D64F3E9B1FF501 /* Open Sans ExtraBold Italic.ttf in Resources */ = {isa = PBXBuildFile; fileRef = 0CEB3664261546C0B5196348 /* Open Sans ExtraBold Italic.ttf */; };
		59AD0EB28A494960B5A5B8BC /* Open Sans ExtraBold.ttf in Resources */ = {isa = PBXBuildFile; fileRef = F01B99FCA75C40D5BB66DA8F /* Open Sans ExtraBold.ttf */; };
		0D4E1F430FB14B74B7F89D90 /* Open Sans Italic.ttf in Resources */ = {isa = PBXBuildFile; fileRef = B3F4CBB1F23B4946B092D48F /* Open Sans Italic.ttf */; };
		6A3EF10C10BE4D1088CF29F7 /* Open Sans Light Italic.ttf in Resources */ = {isa = PBXBuildFile; fileRef = 2AD8FE25AF2240C485FBDFBA /* Open Sans Light Italic.ttf */; };
		ADC55E4D2ACE42B9A9CD138C /* Open Sans Light.ttf in Resources */ = {isa = PBXBuildFile; fileRef = BB5BBB41C2234294A2C88991 /* Open Sans Light.ttf */; };
		81B566EE073A4814A96E2E7F /* Open Sans Regular.ttf in Resources */ = {isa = PBXBuildFile; fileRef = 080A591DF0D34132B0769D0B /* Open Sans Regular.ttf */; };
		62DE46646611432981FC01B5 /* Open Sans SemiBold Italic.ttf in Resources */ = {isa = PBXBuildFile; fileRef = 1CA14426BAF7482EA16B2C9F /* Open Sans SemiBold Italic.ttf */; };
		32EDBFD4DF064A5C9634AA93 /* Open Sans SemiBold.ttf in Resources */ = {isa = PBXBuildFile; fileRef = ED0C8175DB0F43A1A3B4DA42 /* Open Sans SemiBold.ttf */; };
		2425FAECE77A4562A98A9CB4 /* Open Sans BoldItalic.ttf in Resources */ = {isa = PBXBuildFile; fileRef = 66ADF8EF51DD41E5BA078056 /* Open Sans BoldItalic.ttf */; };
		1FA5EAF051C64623BDF71ECE /* Open Sans ExtraBoldItalic.ttf in Resources */ = {isa = PBXBuildFile; fileRef = 420F327FB8134160AC42BBA1 /* Open Sans ExtraBoldItalic.ttf */; };
		F9DDBCCF62914F87BD40A4EC /* Open Sans LightItalic.ttf in Resources */ = {isa = PBXBuildFile; fileRef = 1C6A4F54B6504C44AEA6F743 /* Open Sans LightItalic.ttf */; };
		21588E1332814A039BBE1A85 /* Open Sans Semibold.ttf in Resources */ = {isa = PBXBuildFile; fileRef = C188C5CABD1F4F0CA9F0B5CE /* Open Sans Semibold.ttf */; };
		8ADC1C508BF44B8B89654372 /* Open Sans SemiboldItalic.ttf in Resources */ = {isa = PBXBuildFile; fileRef = 03ED120E28DB45E49A74E53F /* Open Sans SemiboldItalic.ttf */; };
		E4BA5357566A40EEABD9C363 /* Open Sans.ttf in Resources */ = {isa = PBXBuildFile; fileRef = 4923D2C3DE0F4223BBF59FB7 /* Open Sans.ttf */; };
/* End PBXBuildFile section */

/* Begin PBXFileReference section */
		008F07F21AC5B25A0029DE68 /* main.jsbundle */ = {isa = PBXFileReference; fileEncoding = 4; lastKnownFileType = text; path = main.jsbundle; sourceTree = "<group>"; };
		056F63395CAC2B8C2DC048FE /* Pods-mygodfathers.debug.xcconfig */ = {isa = PBXFileReference; includeInIndex = 1; lastKnownFileType = text.xcconfig; name = "Pods-mygodfathers.debug.xcconfig"; path = "Target Support Files/Pods-mygodfathers/Pods-mygodfathers.debug.xcconfig"; sourceTree = "<group>"; };
		13B07F961A680F5B00A75B9A /* mygodfathers.app */ = {isa = PBXFileReference; explicitFileType = wrapper.application; includeInIndex = 0; path = mygodfathers.app; sourceTree = BUILT_PRODUCTS_DIR; };
		13B07FAF1A68108700A75B9A /* AppDelegate.h */ = {isa = PBXFileReference; fileEncoding = 4; lastKnownFileType = sourcecode.c.h; name = AppDelegate.h; path = mygodfathers/AppDelegate.h; sourceTree = "<group>"; };
		13B07FB01A68108700A75B9A /* AppDelegate.m */ = {isa = PBXFileReference; fileEncoding = 4; lastKnownFileType = sourcecode.c.objc; name = AppDelegate.m; path = mygodfathers/AppDelegate.m; sourceTree = "<group>"; };
		13B07FB21A68108700A75B9A /* Base */ = {isa = PBXFileReference; lastKnownFileType = file.xib; name = Base; path = Base.lproj/LaunchScreen.xib; sourceTree = "<group>"; };
		13B07FB51A68108700A75B9A /* Images.xcassets */ = {isa = PBXFileReference; lastKnownFileType = folder.assetcatalog; name = Images.xcassets; path = mygodfathers/Images.xcassets; sourceTree = "<group>"; };
		13B07FB61A68108700A75B9A /* Info.plist */ = {isa = PBXFileReference; fileEncoding = 4; lastKnownFileType = text.plist.xml; name = Info.plist; path = mygodfathers/Info.plist; sourceTree = "<group>"; };
		13B07FB71A68108700A75B9A /* main.m */ = {isa = PBXFileReference; fileEncoding = 4; lastKnownFileType = sourcecode.c.objc; name = main.m; path = mygodfathers/main.m; sourceTree = "<group>"; };
		2502ACF51380E8237829647D /* libPods-mygodfathers.a */ = {isa = PBXFileReference; explicitFileType = archive.ar; includeInIndex = 0; path = "libPods-mygodfathers.a"; sourceTree = BUILT_PRODUCTS_DIR; };
		2D16E6891FA4F8E400B85C8A /* libReact.a */ = {isa = PBXFileReference; explicitFileType = archive.ar; path = libReact.a; sourceTree = BUILT_PRODUCTS_DIR; };
		E40B1F720DE0D29BF6B90074 /* Pods-mygodfathers.release.xcconfig */ = {isa = PBXFileReference; includeInIndex = 1; lastKnownFileType = text.xcconfig; name = "Pods-mygodfathers.release.xcconfig"; path = "Target Support Files/Pods-mygodfathers/Pods-mygodfathers.release.xcconfig"; sourceTree = "<group>"; };
		ED297162215061F000B7C4FE /* JavaScriptCore.framework */ = {isa = PBXFileReference; lastKnownFileType = wrapper.framework; name = JavaScriptCore.framework; path = System/Library/Frameworks/JavaScriptCore.framework; sourceTree = SDKROOT; };
		ED2971642150620600B7C4FE /* JavaScriptCore.framework */ = {isa = PBXFileReference; lastKnownFileType = wrapper.framework; name = JavaScriptCore.framework; path = Platforms/AppleTVOS.platform/Developer/SDKs/AppleTVOS12.0.sdk/System/Library/Frameworks/JavaScriptCore.framework; sourceTree = DEVELOPER_DIR; };
		9FD6D62874F3496FA42AAABE /* OpenSans-Bold.ttf */ = {isa = PBXFileReference; name = "OpenSans-Bold.ttf"; path = "../assets/fonts/OpenSans-Bold.ttf"; sourceTree = "<group>"; fileEncoding = undefined; lastKnownFileType = unknown; explicitFileType = undefined; includeInIndex = 0; };
		9A8300464B95460999600BEA /* OpenSans-BoldItalic.ttf */ = {isa = PBXFileReference; name = "OpenSans-BoldItalic.ttf"; path = "../assets/fonts/OpenSans-BoldItalic.ttf"; sourceTree = "<group>"; fileEncoding = undefined; lastKnownFileType = unknown; explicitFileType = undefined; includeInIndex = 0; };
		4782D836830C49D397F41626 /* OpenSans-ExtraBold.ttf */ = {isa = PBXFileReference; name = "OpenSans-ExtraBold.ttf"; path = "../assets/fonts/OpenSans-ExtraBold.ttf"; sourceTree = "<group>"; fileEncoding = undefined; lastKnownFileType = unknown; explicitFileType = undefined; includeInIndex = 0; };
		9BAEAE2D6DC8492485B6CA60 /* OpenSans-ExtraBoldItalic.ttf */ = {isa = PBXFileReference; name = "OpenSans-ExtraBoldItalic.ttf"; path = "../assets/fonts/OpenSans-ExtraBoldItalic.ttf"; sourceTree = "<group>"; fileEncoding = undefined; lastKnownFileType = unknown; explicitFileType = undefined; includeInIndex = 0; };
		B97ADD87BA964D23B7F098EB /* OpenSans-Italic.ttf */ = {isa = PBXFileReference; name = "OpenSans-Italic.ttf"; path = "../assets/fonts/OpenSans-Italic.ttf"; sourceTree = "<group>"; fileEncoding = undefined; lastKnownFileType = unknown; explicitFileType = undefined; includeInIndex = 0; };
		3B62837E479A470EB285EE60 /* OpenSans-Light.ttf */ = {isa = PBXFileReference; name = "OpenSans-Light.ttf"; path = "../assets/fonts/OpenSans-Light.ttf"; sourceTree = "<group>"; fileEncoding = undefined; lastKnownFileType = unknown; explicitFileType = undefined; includeInIndex = 0; };
		7371C5E3A7AE4253B2A091B3 /* OpenSans-LightItalic.ttf */ = {isa = PBXFileReference; name = "OpenSans-LightItalic.ttf"; path = "../assets/fonts/OpenSans-LightItalic.ttf"; sourceTree = "<group>"; fileEncoding = undefined; lastKnownFileType = unknown; explicitFileType = undefined; includeInIndex = 0; };
		744445CEBC924BC3A0A7FAF6 /* OpenSans-Regular.ttf */ = {isa = PBXFileReference; name = "OpenSans-Regular.ttf"; path = "../assets/fonts/OpenSans-Regular.ttf"; sourceTree = "<group>"; fileEncoding = undefined; lastKnownFileType = unknown; explicitFileType = undefined; includeInIndex = 0; };
		7F23EFFC9860488D827132C6 /* OpenSans-SemiBold.ttf */ = {isa = PBXFileReference; name = "OpenSans-SemiBold.ttf"; path = "../assets/fonts/OpenSans-SemiBold.ttf"; sourceTree = "<group>"; fileEncoding = undefined; lastKnownFileType = unknown; explicitFileType = undefined; includeInIndex = 0; };
		307834B24B2F4DC0A007FEF2 /* OpenSans-SemiBoldItalic.ttf */ = {isa = PBXFileReference; name = "OpenSans-SemiBoldItalic.ttf"; path = "../assets/fonts/OpenSans-SemiBoldItalic.ttf"; sourceTree = "<group>"; fileEncoding = undefined; lastKnownFileType = unknown; explicitFileType = undefined; includeInIndex = 0; };
		6F341731240F44F6A78826E1 /* AntDesign.ttf */ = {isa = PBXFileReference; name = "AntDesign.ttf"; path = "../node_modules/react-native-vector-icons/Fonts/AntDesign.ttf"; sourceTree = "<group>"; fileEncoding = undefined; lastKnownFileType = unknown; explicitFileType = undefined; includeInIndex = 0; };
		F538A5FA67224908B9FDFFC4 /* Entypo.ttf */ = {isa = PBXFileReference; name = "Entypo.ttf"; path = "../node_modules/react-native-vector-icons/Fonts/Entypo.ttf"; sourceTree = "<group>"; fileEncoding = undefined; lastKnownFileType = unknown; explicitFileType = undefined; includeInIndex = 0; };
		8DF450663A604C538544D894 /* EvilIcons.ttf */ = {isa = PBXFileReference; name = "EvilIcons.ttf"; path = "../node_modules/react-native-vector-icons/Fonts/EvilIcons.ttf"; sourceTree = "<group>"; fileEncoding = undefined; lastKnownFileType = unknown; explicitFileType = undefined; includeInIndex = 0; };
		8C7E9C951F3C4A338C767AEA /* Feather.ttf */ = {isa = PBXFileReference; name = "Feather.ttf"; path = "../node_modules/react-native-vector-icons/Fonts/Feather.ttf"; sourceTree = "<group>"; fileEncoding = undefined; lastKnownFileType = unknown; explicitFileType = undefined; includeInIndex = 0; };
		8E8BB20E23554E99B9A20CD8 /* FontAwesome.ttf */ = {isa = PBXFileReference; name = "FontAwesome.ttf"; path = "../node_modules/react-native-vector-icons/Fonts/FontAwesome.ttf"; sourceTree = "<group>"; fileEncoding = undefined; lastKnownFileType = unknown; explicitFileType = undefined; includeInIndex = 0; };
		0EF06B363701419482A0E192 /* FontAwesome5_Brands.ttf */ = {isa = PBXFileReference; name = "FontAwesome5_Brands.ttf"; path = "../node_modules/react-native-vector-icons/Fonts/FontAwesome5_Brands.ttf"; sourceTree = "<group>"; fileEncoding = undefined; lastKnownFileType = unknown; explicitFileType = undefined; includeInIndex = 0; };
		138315746A1C4D6AB35F494B /* FontAwesome5_Regular.ttf */ = {isa = PBXFileReference; name = "FontAwesome5_Regular.ttf"; path = "../node_modules/react-native-vector-icons/Fonts/FontAwesome5_Regular.ttf"; sourceTree = "<group>"; fileEncoding = undefined; lastKnownFileType = unknown; explicitFileType = undefined; includeInIndex = 0; };
		ECF334E8F65D431B8A7FD89E /* FontAwesome5_Solid.ttf */ = {isa = PBXFileReference; name = "FontAwesome5_Solid.ttf"; path = "../node_modules/react-native-vector-icons/Fonts/FontAwesome5_Solid.ttf"; sourceTree = "<group>"; fileEncoding = undefined; lastKnownFileType = unknown; explicitFileType = undefined; includeInIndex = 0; };
		566A33D31C124926971E8CC6 /* Fontisto.ttf */ = {isa = PBXFileReference; name = "Fontisto.ttf"; path = "../node_modules/react-native-vector-icons/Fonts/Fontisto.ttf"; sourceTree = "<group>"; fileEncoding = undefined; lastKnownFileType = unknown; explicitFileType = undefined; includeInIndex = 0; };
		C9F77E3B9FCB41DCBEE625C0 /* Foundation.ttf */ = {isa = PBXFileReference; name = "Foundation.ttf"; path = "../node_modules/react-native-vector-icons/Fonts/Foundation.ttf"; sourceTree = "<group>"; fileEncoding = undefined; lastKnownFileType = unknown; explicitFileType = undefined; includeInIndex = 0; };
		9165282E4AD24A5E8031FBF8 /* Ionicons.ttf */ = {isa = PBXFileReference; name = "Ionicons.ttf"; path = "../node_modules/react-native-vector-icons/Fonts/Ionicons.ttf"; sourceTree = "<group>"; fileEncoding = undefined; lastKnownFileType = unknown; explicitFileType = undefined; includeInIndex = 0; };
		4A06FC813FE94B97BFE5C2FF /* MaterialCommunityIcons.ttf */ = {isa = PBXFileReference; name = "MaterialCommunityIcons.ttf"; path = "../node_modules/react-native-vector-icons/Fonts/MaterialCommunityIcons.ttf"; sourceTree = "<group>"; fileEncoding = undefined; lastKnownFileType = unknown; explicitFileType = undefined; includeInIndex = 0; };
		16E96E6673234CAA82A016AB /* MaterialIcons.ttf */ = {isa = PBXFileReference; name = "MaterialIcons.ttf"; path = "../node_modules/react-native-vector-icons/Fonts/MaterialIcons.ttf"; sourceTree = "<group>"; fileEncoding = undefined; lastKnownFileType = unknown; explicitFileType = undefined; includeInIndex = 0; };
		828A719EC0B64514AD711746 /* Octicons.ttf */ = {isa = PBXFileReference; name = "Octicons.ttf"; path = "../node_modules/react-native-vector-icons/Fonts/Octicons.ttf"; sourceTree = "<group>"; fileEncoding = undefined; lastKnownFileType = unknown; explicitFileType = undefined; includeInIndex = 0; };
		CFBF1032402546C28FC14C67 /* SimpleLineIcons.ttf */ = {isa = PBXFileReference; name = "SimpleLineIcons.ttf"; path = "../node_modules/react-native-vector-icons/Fonts/SimpleLineIcons.ttf"; sourceTree = "<group>"; fileEncoding = undefined; lastKnownFileType = unknown; explicitFileType = undefined; includeInIndex = 0; };
		852E81C831D243E9993C8C37 /* Zocial.ttf */ = {isa = PBXFileReference; name = "Zocial.ttf"; path = "../node_modules/react-native-vector-icons/Fonts/Zocial.ttf"; sourceTree = "<group>"; fileEncoding = undefined; lastKnownFileType = unknown; explicitFileType = undefined; includeInIndex = 0; };
		037A54DDBC274A6CABD6FBB1 /* Open Sans Bold Italic.ttf */ = {isa = PBXFileReference; name = "Open Sans Bold Italic.ttf"; path = "../assets/fonts/Open Sans Bold Italic.ttf"; sourceTree = "<group>"; fileEncoding = undefined; lastKnownFileType = unknown; explicitFileType = undefined; includeInIndex = 0; };
		59F707661FED4924A9126C36 /* Open Sans Bold.ttf */ = {isa = PBXFileReference; name = "Open Sans Bold.ttf"; path = "../assets/fonts/Open Sans Bold.ttf"; sourceTree = "<group>"; fileEncoding = undefined; lastKnownFileType = unknown; explicitFileType = undefined; includeInIndex = 0; };
		0CEB3664261546C0B5196348 /* Open Sans ExtraBold Italic.ttf */ = {isa = PBXFileReference; name = "Open Sans ExtraBold Italic.ttf"; path = "../assets/fonts/Open Sans ExtraBold Italic.ttf"; sourceTree = "<group>"; fileEncoding = undefined; lastKnownFileType = unknown; explicitFileType = undefined; includeInIndex = 0; };
		F01B99FCA75C40D5BB66DA8F /* Open Sans ExtraBold.ttf */ = {isa = PBXFileReference; name = "Open Sans ExtraBold.ttf"; path = "../assets/fonts/Open Sans ExtraBold.ttf"; sourceTree = "<group>"; fileEncoding = undefined; lastKnownFileType = unknown; explicitFileType = undefined; includeInIndex = 0; };
		B3F4CBB1F23B4946B092D48F /* Open Sans Italic.ttf */ = {isa = PBXFileReference; name = "Open Sans Italic.ttf"; path = "../assets/fonts/Open Sans Italic.ttf"; sourceTree = "<group>"; fileEncoding = undefined; lastKnownFileType = unknown; explicitFileType = undefined; includeInIndex = 0; };
		2AD8FE25AF2240C485FBDFBA /* Open Sans Light Italic.ttf */ = {isa = PBXFileReference; name = "Open Sans Light Italic.ttf"; path = "../assets/fonts/Open Sans Light Italic.ttf"; sourceTree = "<group>"; fileEncoding = undefined; lastKnownFileType = unknown; explicitFileType = undefined; includeInIndex = 0; };
		BB5BBB41C2234294A2C88991 /* Open Sans Light.ttf */ = {isa = PBXFileReference; name = "Open Sans Light.ttf"; path = "../assets/fonts/Open Sans Light.ttf"; sourceTree = "<group>"; fileEncoding = undefined; lastKnownFileType = unknown; explicitFileType = undefined; includeInIndex = 0; };
		080A591DF0D34132B0769D0B /* Open Sans Regular.ttf */ = {isa = PBXFileReference; name = "Open Sans Regular.ttf"; path = "../assets/fonts/Open Sans Regular.ttf"; sourceTree = "<group>"; fileEncoding = undefined; lastKnownFileType = unknown; explicitFileType = undefined; includeInIndex = 0; };
		1CA14426BAF7482EA16B2C9F /* Open Sans SemiBold Italic.ttf */ = {isa = PBXFileReference; name = "Open Sans SemiBold Italic.ttf"; path = "../assets/fonts/Open Sans SemiBold Italic.ttf"; sourceTree = "<group>"; fileEncoding = undefined; lastKnownFileType = unknown; explicitFileType = undefined; includeInIndex = 0; };
		ED0C8175DB0F43A1A3B4DA42 /* Open Sans SemiBold.ttf */ = {isa = PBXFileReference; name = "Open Sans SemiBold.ttf"; path = "../assets/fonts/Open Sans SemiBold.ttf"; sourceTree = "<group>"; fileEncoding = undefined; lastKnownFileType = unknown; explicitFileType = undefined; includeInIndex = 0; };
		66ADF8EF51DD41E5BA078056 /* Open Sans BoldItalic.ttf */ = {isa = PBXFileReference; name = "Open Sans BoldItalic.ttf"; path = "../assets/fonts/Open Sans BoldItalic.ttf"; sourceTree = "<group>"; fileEncoding = undefined; lastKnownFileType = unknown; explicitFileType = undefined; includeInIndex = 0; };
		420F327FB8134160AC42BBA1 /* Open Sans ExtraBoldItalic.ttf */ = {isa = PBXFileReference; name = "Open Sans ExtraBoldItalic.ttf"; path = "../assets/fonts/Open Sans ExtraBoldItalic.ttf"; sourceTree = "<group>"; fileEncoding = undefined; lastKnownFileType = unknown; explicitFileType = undefined; includeInIndex = 0; };
		1C6A4F54B6504C44AEA6F743 /* Open Sans LightItalic.ttf */ = {isa = PBXFileReference; name = "Open Sans LightItalic.ttf"; path = "../assets/fonts/Open Sans LightItalic.ttf"; sourceTree = "<group>"; fileEncoding = undefined; lastKnownFileType = unknown; explicitFileType = undefined; includeInIndex = 0; };
		C188C5CABD1F4F0CA9F0B5CE /* Open Sans Semibold.ttf */ = {isa = PBXFileReference; name = "Open Sans Semibold.ttf"; path = "../assets/fonts/Open Sans Semibold.ttf"; sourceTree = "<group>"; fileEncoding = undefined; lastKnownFileType = unknown; explicitFileType = undefined; includeInIndex = 0; };
		03ED120E28DB45E49A74E53F /* Open Sans SemiboldItalic.ttf */ = {isa = PBXFileReference; name = "Open Sans SemiboldItalic.ttf"; path = "../assets/fonts/Open Sans SemiboldItalic.ttf"; sourceTree = "<group>"; fileEncoding = undefined; lastKnownFileType = unknown; explicitFileType = undefined; includeInIndex = 0; };
		4923D2C3DE0F4223BBF59FB7 /* Open Sans.ttf */ = {isa = PBXFileReference; name = "Open Sans.ttf"; path = "../assets/fonts/Open Sans.ttf"; sourceTree = "<group>"; fileEncoding = undefined; lastKnownFileType = unknown; explicitFileType = undefined; includeInIndex = 0; };
/* End PBXFileReference section */

/* Begin PBXFrameworksBuildPhase section */
		13B07F8C1A680F5B00A75B9A /* Frameworks */ = {
			isa = PBXFrameworksBuildPhase;
			buildActionMask = 2147483647;
			files = (
				7B0C5784998A29E517983E0C /* libPods-mygodfathers.a in Frameworks */,
			);
			runOnlyForDeploymentPostprocessing = 0;
		};
/* End PBXFrameworksBuildPhase section */

/* Begin PBXGroup section */
		13B07FAE1A68108700A75B9A /* mygodfathers */ = {
			isa = PBXGroup;
			children = (
				008F07F21AC5B25A0029DE68 /* main.jsbundle */,
				13B07FAF1A68108700A75B9A /* AppDelegate.h */,
				13B07FB01A68108700A75B9A /* AppDelegate.m */,
				13B07FB51A68108700A75B9A /* Images.xcassets */,
				13B07FB61A68108700A75B9A /* Info.plist */,
				13B07FB11A68108700A75B9A /* LaunchScreen.xib */,
				13B07FB71A68108700A75B9A /* main.m */,
			);
			name = mygodfathers;
			sourceTree = "<group>";
		};
		2D16E6871FA4F8E400B85C8A /* Frameworks */ = {
			isa = PBXGroup;
			children = (
				ED297162215061F000B7C4FE /* JavaScriptCore.framework */,
				ED2971642150620600B7C4FE /* JavaScriptCore.framework */,
				2D16E6891FA4F8E400B85C8A /* libReact.a */,
				2502ACF51380E8237829647D /* libPods-mygodfathers.a */,
			);
			name = Frameworks;
			sourceTree = "<group>";
		};
		6C68EC841F3FBF9CD21359E0 /* Pods */ = {
			isa = PBXGroup;
			children = (
				056F63395CAC2B8C2DC048FE /* Pods-mygodfathers.debug.xcconfig */,
				E40B1F720DE0D29BF6B90074 /* Pods-mygodfathers.release.xcconfig */,
			);
			name = Pods;
			path = Pods;
			sourceTree = "<group>";
		};
		832341AE1AAA6A7D00B99B32 /* Libraries */ = {
			isa = PBXGroup;
			children = (
			);
			name = Libraries;
			sourceTree = "<group>";
		};
		83CBB9F61A601CBA00E9B192 = {
			isa = PBXGroup;
			children = (
				13B07FAE1A68108700A75B9A /* mygodfathers */,
				832341AE1AAA6A7D00B99B32 /* Libraries */,
				83CBBA001A601CBA00E9B192 /* Products */,
				2D16E6871FA4F8E400B85C8A /* Frameworks */,
				6C68EC841F3FBF9CD21359E0 /* Pods */,
				FA12AB3F3F7D4A9087260A59 /* Resources */,
			);
			indentWidth = 2;
			sourceTree = "<group>";
			tabWidth = 2;
			usesTabs = 0;
		};
		83CBBA001A601CBA00E9B192 /* Products */ = {
			isa = PBXGroup;
			children = (
				13B07F961A680F5B00A75B9A /* mygodfathers.app */,
			);
			name = Products;
			sourceTree = "<group>";
		};
		FA12AB3F3F7D4A9087260A59 /* Resources */ = {
			isa = "PBXGroup";
			children = (
				9FD6D62874F3496FA42AAABE /* OpenSans-Bold.ttf */,
				9A8300464B95460999600BEA /* OpenSans-BoldItalic.ttf */,
				4782D836830C49D397F41626 /* OpenSans-ExtraBold.ttf */,
				9BAEAE2D6DC8492485B6CA60 /* OpenSans-ExtraBoldItalic.ttf */,
				B97ADD87BA964D23B7F098EB /* OpenSans-Italic.ttf */,
				3B62837E479A470EB285EE60 /* OpenSans-Light.ttf */,
				7371C5E3A7AE4253B2A091B3 /* OpenSans-LightItalic.ttf */,
				744445CEBC924BC3A0A7FAF6 /* OpenSans-Regular.ttf */,
				7F23EFFC9860488D827132C6 /* OpenSans-SemiBold.ttf */,
				307834B24B2F4DC0A007FEF2 /* OpenSans-SemiBoldItalic.ttf */,
				6F341731240F44F6A78826E1 /* AntDesign.ttf */,
				F538A5FA67224908B9FDFFC4 /* Entypo.ttf */,
				8DF450663A604C538544D894 /* EvilIcons.ttf */,
				8C7E9C951F3C4A338C767AEA /* Feather.ttf */,
				8E8BB20E23554E99B9A20CD8 /* FontAwesome.ttf */,
				0EF06B363701419482A0E192 /* FontAwesome5_Brands.ttf */,
				138315746A1C4D6AB35F494B /* FontAwesome5_Regular.ttf */,
				ECF334E8F65D431B8A7FD89E /* FontAwesome5_Solid.ttf */,
				566A33D31C124926971E8CC6 /* Fontisto.ttf */,
				C9F77E3B9FCB41DCBEE625C0 /* Foundation.ttf */,
				9165282E4AD24A5E8031FBF8 /* Ionicons.ttf */,
				4A06FC813FE94B97BFE5C2FF /* MaterialCommunityIcons.ttf */,
				16E96E6673234CAA82A016AB /* MaterialIcons.ttf */,
				828A719EC0B64514AD711746 /* Octicons.ttf */,
				CFBF1032402546C28FC14C67 /* SimpleLineIcons.ttf */,
				852E81C831D243E9993C8C37 /* Zocial.ttf */,
				037A54DDBC274A6CABD6FBB1 /* Open Sans Bold Italic.ttf */,
				59F707661FED4924A9126C36 /* Open Sans Bold.ttf */,
				0CEB3664261546C0B5196348 /* Open Sans ExtraBold Italic.ttf */,
				F01B99FCA75C40D5BB66DA8F /* Open Sans ExtraBold.ttf */,
				B3F4CBB1F23B4946B092D48F /* Open Sans Italic.ttf */,
				2AD8FE25AF2240C485FBDFBA /* Open Sans Light Italic.ttf */,
				BB5BBB41C2234294A2C88991 /* Open Sans Light.ttf */,
				080A591DF0D34132B0769D0B /* Open Sans Regular.ttf */,
				1CA14426BAF7482EA16B2C9F /* Open Sans SemiBold Italic.ttf */,
				ED0C8175DB0F43A1A3B4DA42 /* Open Sans SemiBold.ttf */,
				66ADF8EF51DD41E5BA078056 /* Open Sans BoldItalic.ttf */,
				420F327FB8134160AC42BBA1 /* Open Sans ExtraBoldItalic.ttf */,
				1C6A4F54B6504C44AEA6F743 /* Open Sans LightItalic.ttf */,
				C188C5CABD1F4F0CA9F0B5CE /* Open Sans Semibold.ttf */,
				03ED120E28DB45E49A74E53F /* Open Sans SemiboldItalic.ttf */,
				4923D2C3DE0F4223BBF59FB7 /* Open Sans.ttf */,
			);
			name = Resources;
			sourceTree = "<group>";
			path = "";
		};
/* End PBXGroup section */

/* Begin PBXNativeTarget section */
		13B07F861A680F5B00A75B9A /* mygodfathers */ = {
			isa = PBXNativeTarget;
			buildConfigurationList = 13B07F931A680F5B00A75B9A /* Build configuration list for PBXNativeTarget "mygodfathers" */;
			buildPhases = (
				56DD4AB7BC040A533152C46D /* [CP] Check Pods Manifest.lock */,
				FD4C38642228810C00325AF5 /* Start Packager */,
				13B07F871A680F5B00A75B9A /* Sources */,
				13B07F8C1A680F5B00A75B9A /* Frameworks */,
				13B07F8E1A680F5B00A75B9A /* Resources */,
				00DD1BFF1BD5951E006B06BC /* Bundle React Native code and images */,
			);
			buildRules = (
			);
			dependencies = (
			);
			name = mygodfathers;
			productName = "Hello World";
			productReference = 13B07F961A680F5B00A75B9A /* mygodfathers.app */;
			productType = "com.apple.product-type.application";
		};
/* End PBXNativeTarget section */

/* Begin PBXProject section */
		83CBB9F71A601CBA00E9B192 /* Project object */ = {
			isa = PBXProject;
			attributes = {
				LastUpgradeCheck = 940;
				ORGANIZATIONNAME = Facebook;
				TargetAttributes = {
					00E356ED1AD99517003FC87E = {
						CreatedOnToolsVersion = 6.2;
						TestTargetID = 13B07F861A680F5B00A75B9A;
					};
				};
			};
			buildConfigurationList = 83CBB9FA1A601CBA00E9B192 /* Build configuration list for PBXProject "mygodfathers" */;
			compatibilityVersion = "Xcode 3.2";
			developmentRegion = English;
			hasScannedForEncodings = 0;
			knownRegions = (
				en,
				Base,
			);
			mainGroup = 83CBB9F61A601CBA00E9B192;
			productRefGroup = 83CBBA001A601CBA00E9B192 /* Products */;
			projectDirPath = "";
			projectRoot = "";
			targets = (
				13B07F861A680F5B00A75B9A /* mygodfathers */,
			);
		};
/* End PBXProject section */

/* Begin PBXResourcesBuildPhase section */
		13B07F8E1A680F5B00A75B9A /* Resources */ = {
			isa = PBXResourcesBuildPhase;
			buildActionMask = 2147483647;
			files = (
				13B07FBF1A68108700A75B9A /* Images.xcassets in Resources */,
				13B07FBD1A68108700A75B9A /* LaunchScreen.xib in Resources */,
				05285D512C19441CA9D0E841 /* OpenSans-Bold.ttf in Resources */,
				4F265927A0AF4C909121F4FD /* OpenSans-BoldItalic.ttf in Resources */,
				C4B75442F9234C25A1BC6CA5 /* OpenSans-ExtraBold.ttf in Resources */,
				D6976A9237E241F488795F8D /* OpenSans-ExtraBoldItalic.ttf in Resources */,
				A30C78F0DE1243B3BCC8F397 /* OpenSans-Italic.ttf in Resources */,
				426A812822E24A0C8988E26D /* OpenSans-Light.ttf in Resources */,
				631ABA8756954719BF8D0F66 /* OpenSans-LightItalic.ttf in Resources */,
				3EEE81FF9AA44566A9C94531 /* OpenSans-Regular.ttf in Resources */,
				41D3664453764246B71A4566 /* OpenSans-SemiBold.ttf in Resources */,
				E9EC10A73116493E81225C8E /* OpenSans-SemiBoldItalic.ttf in Resources */,
				FA3336B937604A06955A9B98 /* AntDesign.ttf in Resources */,
				AD9310A92F714A109F949691 /* Entypo.ttf in Resources */,
				0C51EBF184B54AEEA36646D6 /* EvilIcons.ttf in Resources */,
				0FE97AEF78E648C8800AB1F6 /* Feather.ttf in Resources */,
				577A7D736501419FB7D5FA24 /* FontAwesome.ttf in Resources */,
				E99DBA9BB75543D58DCE7DE7 /* FontAwesome5_Brands.ttf in Resources */,
				EF5EA9099B7F4F4EA37796E0 /* FontAwesome5_Regular.ttf in Resources */,
				A7383238627948ACB07E7088 /* FontAwesome5_Solid.ttf in Resources */,
				11C3708501B14FE9AA0DDBF7 /* Fontisto.ttf in Resources */,
				7024FE7492D04B4CBA5B4EB9 /* Foundation.ttf in Resources */,
				3A5F88FB23D24C1095819C05 /* Ionicons.ttf in Resources */,
				C24D5341942342BFB4959138 /* MaterialCommunityIcons.ttf in Resources */,
				CB02BF9C4A4C4B2CB391B472 /* MaterialIcons.ttf in Resources */,
				7D5FEE0CEA474CD5AA079302 /* Octicons.ttf in Resources */,
				545BBA62D2B74540848E1142 /* SimpleLineIcons.ttf in Resources */,
				6270C5FEE8764679ACD58F46 /* Zocial.ttf in Resources */,
				36392E380BC14ABB9A59F12C /* Open Sans Bold Italic.ttf in Resources */,
				9C33041CBC3140F48AFD0AE1 /* Open Sans Bold.ttf in Resources */,
				F01F738590D64F3E9B1FF501 /* Open Sans ExtraBold Italic.ttf in Resources */,
				59AD0EB28A494960B5A5B8BC /* Open Sans ExtraBold.ttf in Resources */,
				0D4E1F430FB14B74B7F89D90 /* Open Sans Italic.ttf in Resources */,
				6A3EF10C10BE4D1088CF29F7 /* Open Sans Light Italic.ttf in Resources */,
				ADC55E4D2ACE42B9A9CD138C /* Open Sans Light.ttf in Resources */,
				81B566EE073A4814A96E2E7F /* Open Sans Regular.ttf in Resources */,
				62DE46646611432981FC01B5 /* Open Sans SemiBold Italic.ttf in Resources */,
				32EDBFD4DF064A5C9634AA93 /* Open Sans SemiBold.ttf in Resources */,
				2425FAECE77A4562A98A9CB4 /* Open Sans BoldItalic.ttf in Resources */,
				1FA5EAF051C64623BDF71ECE /* Open Sans ExtraBoldItalic.ttf in Resources */,
				F9DDBCCF62914F87BD40A4EC /* Open Sans LightItalic.ttf in Resources */,
				21588E1332814A039BBE1A85 /* Open Sans Semibold.ttf in Resources */,
				8ADC1C508BF44B8B89654372 /* Open Sans SemiboldItalic.ttf in Resources */,
				E4BA5357566A40EEABD9C363 /* Open Sans.ttf in Resources */,
			);
			runOnlyForDeploymentPostprocessing = 0;
		};
/* End PBXResourcesBuildPhase section */

/* Begin PBXShellScriptBuildPhase section */
		00DD1BFF1BD5951E006B06BC /* Bundle React Native code and images */ = {
			isa = PBXShellScriptBuildPhase;
			buildActionMask = 2147483647;
			files = (
			);
			inputPaths = (
			);
			name = "Bundle React Native code and images";
			outputPaths = (
			);
			runOnlyForDeploymentPostprocessing = 0;
			shellPath = /bin/sh;
			shellScript = "export NODE_BINARY=node\n../node_modules/react-native/scripts/react-native-xcode.sh";
		};
		56DD4AB7BC040A533152C46D /* [CP] Check Pods Manifest.lock */ = {
			isa = PBXShellScriptBuildPhase;
			buildActionMask = 2147483647;
			files = (
			);
			inputFileListPaths = (
			);
			inputPaths = (
				"${PODS_PODFILE_DIR_PATH}/Podfile.lock",
				"${PODS_ROOT}/Manifest.lock",
			);
			name = "[CP] Check Pods Manifest.lock";
			outputFileListPaths = (
			);
			outputPaths = (
				"$(DERIVED_FILE_DIR)/Pods-mygodfathers-checkManifestLockResult.txt",
			);
			runOnlyForDeploymentPostprocessing = 0;
			shellPath = /bin/sh;
			shellScript = "diff \"${PODS_PODFILE_DIR_PATH}/Podfile.lock\" \"${PODS_ROOT}/Manifest.lock\" > /dev/null\nif [ $? != 0 ] ; then\n    # print error to STDERR\n    echo \"error: The sandbox is not in sync with the Podfile.lock. Run 'pod install' or update your CocoaPods installation.\" >&2\n    exit 1\nfi\n# This output is used by Xcode 'outputs' to avoid re-running this script phase.\necho \"SUCCESS\" > \"${SCRIPT_OUTPUT_FILE_0}\"\n";
			showEnvVarsInLog = 0;
		};
		FD4C38642228810C00325AF5 /* Start Packager */ = {
			isa = PBXShellScriptBuildPhase;
			buildActionMask = 2147483647;
			files = (
			);
			inputFileListPaths = (
			);
			inputPaths = (
			);
			name = "Start Packager";
			outputFileListPaths = (
			);
			outputPaths = (
			);
			runOnlyForDeploymentPostprocessing = 0;
			shellPath = /bin/sh;
			shellScript = "export RCT_METRO_PORT=\"${RCT_METRO_PORT:=8081}\"\necho \"export RCT_METRO_PORT=${RCT_METRO_PORT}\" > \"${SRCROOT}/../node_modules/react-native/scripts/.packager.env\"\nif [ -z \"${RCT_NO_LAUNCH_PACKAGER+xxx}\" ] ; then\n  if nc -w 5 -z localhost ${RCT_METRO_PORT} ; then\n    if ! curl -s \"http://localhost:${RCT_METRO_PORT}/status\" | grep -q \"packager-status:running\" ; then\n      echo \"Port ${RCT_METRO_PORT} already in use, packager is either not running or not running correctly\"\n      exit 2\n    fi\n  else\n    open \"$SRCROOT/../node_modules/react-native/scripts/launchPackager.command\" || echo \"Can't start packager automatically\"\n  fi\nfi\n";
			showEnvVarsInLog = 0;
		};
/* End PBXShellScriptBuildPhase section */

/* Begin PBXSourcesBuildPhase section */
		13B07F871A680F5B00A75B9A /* Sources */ = {
			isa = PBXSourcesBuildPhase;
			buildActionMask = 2147483647;
			files = (
				13B07FBC1A68108700A75B9A /* AppDelegate.m in Sources */,
				13B07FC11A68108700A75B9A /* main.m in Sources */,
			);
			runOnlyForDeploymentPostprocessing = 0;
		};
/* End PBXSourcesBuildPhase section */

/* Begin PBXVariantGroup section */
		13B07FB11A68108700A75B9A /* LaunchScreen.xib */ = {
			isa = PBXVariantGroup;
			children = (
				13B07FB21A68108700A75B9A /* Base */,
			);
			name = LaunchScreen.xib;
			path = mygodfathers;
			sourceTree = "<group>";
		};
/* End PBXVariantGroup section */

/* Begin XCBuildConfiguration section */
		13B07F941A680F5B00A75B9A /* Debug */ = {
			isa = XCBuildConfiguration;
			baseConfigurationReference = 056F63395CAC2B8C2DC048FE /* Pods-mygodfathers.debug.xcconfig */;
			buildSettings = {
				ASSETCATALOG_COMPILER_APPICON_NAME = AppIcon;
				CURRENT_PROJECT_VERSION = 1;
				DEAD_CODE_STRIPPING = NO;
				INFOPLIST_FILE = mygodfathers/Info.plist;
				LD_RUNPATH_SEARCH_PATHS = "$(inherited) @executable_path/Frameworks";
				OTHER_LDFLAGS = (
					"$(inherited)",
					"-ObjC",
					"-lc++",
				);
				PRODUCT_BUNDLE_IDENTIFIER = "org.reactjs.native.example.$(PRODUCT_NAME:rfc1034identifier)";
				PRODUCT_NAME = mygodfathers;
				VERSIONING_SYSTEM = "apple-generic";
			};
			name = Debug;
		};
		13B07F951A680F5B00A75B9A /* Release */ = {
			isa = XCBuildConfiguration;
			baseConfigurationReference = E40B1F720DE0D29BF6B90074 /* Pods-mygodfathers.release.xcconfig */;
			buildSettings = {
				ASSETCATALOG_COMPILER_APPICON_NAME = AppIcon;
				CURRENT_PROJECT_VERSION = 1;
				INFOPLIST_FILE = mygodfathers/Info.plist;
				LD_RUNPATH_SEARCH_PATHS = "$(inherited) @executable_path/Frameworks";
				OTHER_LDFLAGS = (
					"$(inherited)",
					"-ObjC",
					"-lc++",
				);
				PRODUCT_BUNDLE_IDENTIFIER = "org.reactjs.native.example.$(PRODUCT_NAME:rfc1034identifier)";
				PRODUCT_NAME = mygodfathers;
				VERSIONING_SYSTEM = "apple-generic";
			};
			name = Release;
		};
		83CBBA201A601CBA00E9B192 /* Debug */ = {
			isa = XCBuildConfiguration;
			buildSettings = {
				ALWAYS_SEARCH_USER_PATHS = NO;
				CLANG_CXX_LANGUAGE_STANDARD = "gnu++0x";
				CLANG_CXX_LIBRARY = "libc++";
				CLANG_ENABLE_MODULES = YES;
				CLANG_ENABLE_OBJC_ARC = YES;
				CLANG_WARN_BLOCK_CAPTURE_AUTORELEASING = YES;
				CLANG_WARN_BOOL_CONVERSION = YES;
				CLANG_WARN_COMMA = YES;
				CLANG_WARN_CONSTANT_CONVERSION = YES;
				CLANG_WARN_DEPRECATED_OBJC_IMPLEMENTATIONS = YES;
				CLANG_WARN_DIRECT_OBJC_ISA_USAGE = YES_ERROR;
				CLANG_WARN_EMPTY_BODY = YES;
				CLANG_WARN_ENUM_CONVERSION = YES;
				CLANG_WARN_INFINITE_RECURSION = YES;
				CLANG_WARN_INT_CONVERSION = YES;
				CLANG_WARN_NON_LITERAL_NULL_CONVERSION = YES;
				CLANG_WARN_OBJC_IMPLICIT_RETAIN_SELF = YES;
				CLANG_WARN_OBJC_LITERAL_CONVERSION = YES;
				CLANG_WARN_OBJC_ROOT_CLASS = YES_ERROR;
				CLANG_WARN_RANGE_LOOP_ANALYSIS = YES;
				CLANG_WARN_STRICT_PROTOTYPES = YES;
				CLANG_WARN_SUSPICIOUS_MOVE = YES;
				CLANG_WARN_UNREACHABLE_CODE = YES;
				CLANG_WARN__DUPLICATE_METHOD_MATCH = YES;
				"CODE_SIGN_IDENTITY[sdk=iphoneos*]" = "iPhone Developer";
				COPY_PHASE_STRIP = NO;
				ENABLE_STRICT_OBJC_MSGSEND = YES;
				ENABLE_TESTABILITY = YES;
				GCC_C_LANGUAGE_STANDARD = gnu99;
				GCC_DYNAMIC_NO_PIC = NO;
				GCC_NO_COMMON_BLOCKS = YES;
				GCC_OPTIMIZATION_LEVEL = 0;
				GCC_PREPROCESSOR_DEFINITIONS = (
					"DEBUG=1",
					"$(inherited)",
				);
				GCC_SYMBOLS_PRIVATE_EXTERN = NO;
				GCC_WARN_64_TO_32_BIT_CONVERSION = YES;
				GCC_WARN_ABOUT_RETURN_TYPE = YES_ERROR;
				GCC_WARN_UNDECLARED_SELECTOR = YES;
				GCC_WARN_UNINITIALIZED_AUTOS = YES_AGGRESSIVE;
				GCC_WARN_UNUSED_FUNCTION = YES;
				GCC_WARN_UNUSED_VARIABLE = YES;
				IPHONEOS_DEPLOYMENT_TARGET = 9.0;
				MTL_ENABLE_DEBUG_INFO = YES;
				ONLY_ACTIVE_ARCH = YES;
				SDKROOT = iphoneos;
			};
			name = Debug;
		};
		83CBBA211A601CBA00E9B192 /* Release */ = {
			isa = XCBuildConfiguration;
			buildSettings = {
				ALWAYS_SEARCH_USER_PATHS = NO;
				CLANG_CXX_LANGUAGE_STANDARD = "gnu++0x";
				CLANG_CXX_LIBRARY = "libc++";
				CLANG_ENABLE_MODULES = YES;
				CLANG_ENABLE_OBJC_ARC = YES;
				CLANG_WARN_BLOCK_CAPTURE_AUTORELEASING = YES;
				CLANG_WARN_BOOL_CONVERSION = YES;
				CLANG_WARN_COMMA = YES;
				CLANG_WARN_CONSTANT_CONVERSION = YES;
				CLANG_WARN_DEPRECATED_OBJC_IMPLEMENTATIONS = YES;
				CLANG_WARN_DIRECT_OBJC_ISA_USAGE = YES_ERROR;
				CLANG_WARN_EMPTY_BODY = YES;
				CLANG_WARN_ENUM_CONVERSION = YES;
				CLANG_WARN_INFINITE_RECURSION = YES;
				CLANG_WARN_INT_CONVERSION = YES;
				CLANG_WARN_NON_LITERAL_NULL_CONVERSION = YES;
				CLANG_WARN_OBJC_IMPLICIT_RETAIN_SELF = YES;
				CLANG_WARN_OBJC_LITERAL_CONVERSION = YES;
				CLANG_WARN_OBJC_ROOT_CLASS = YES_ERROR;
				CLANG_WARN_RANGE_LOOP_ANALYSIS = YES;
				CLANG_WARN_STRICT_PROTOTYPES = YES;
				CLANG_WARN_SUSPICIOUS_MOVE = YES;
				CLANG_WARN_UNREACHABLE_CODE = YES;
				CLANG_WARN__DUPLICATE_METHOD_MATCH = YES;
				"CODE_SIGN_IDENTITY[sdk=iphoneos*]" = "iPhone Developer";
				COPY_PHASE_STRIP = YES;
				ENABLE_NS_ASSERTIONS = NO;
				ENABLE_STRICT_OBJC_MSGSEND = YES;
				GCC_C_LANGUAGE_STANDARD = gnu99;
				GCC_NO_COMMON_BLOCKS = YES;
				GCC_WARN_64_TO_32_BIT_CONVERSION = YES;
				GCC_WARN_ABOUT_RETURN_TYPE = YES_ERROR;
				GCC_WARN_UNDECLARED_SELECTOR = YES;
				GCC_WARN_UNINITIALIZED_AUTOS = YES_AGGRESSIVE;
				GCC_WARN_UNUSED_FUNCTION = YES;
				GCC_WARN_UNUSED_VARIABLE = YES;
				IPHONEOS_DEPLOYMENT_TARGET = 9.0;
				MTL_ENABLE_DEBUG_INFO = NO;
				SDKROOT = iphoneos;
				VALIDATE_PRODUCT = YES;
			};
			name = Release;
		};
/* End XCBuildConfiguration section */

/* Begin XCConfigurationList section */
		13B07F931A680F5B00A75B9A /* Build configuration list for PBXNativeTarget "mygodfathers" */ = {
			isa = XCConfigurationList;
			buildConfigurations = (
				13B07F941A680F5B00A75B9A /* Debug */,
				13B07F951A680F5B00A75B9A /* Release */,
			);
			defaultConfigurationIsVisible = 0;
			defaultConfigurationName = Release;
		};
		83CBB9FA1A601CBA00E9B192 /* Build configuration list for PBXProject "mygodfathers" */ = {
			isa = XCConfigurationList;
			buildConfigurations = (
				83CBBA201A601CBA00E9B192 /* Debug */,
				83CBBA211A601CBA00E9B192 /* Release */,
			);
			defaultConfigurationIsVisible = 0;
			defaultConfigurationName = Release;
		};
/* End XCConfigurationList section */
	};
	rootObject = 83CBB9F71A601CBA00E9B192 /* Project object */;
}
